{
  "name": "component_2-feature_extraction",
  "version": "1.0.0",
  "lockfileVersion": 2,
  "requires": true,
  "packages": {
    "": {
      "name": "component_2-feature_extraction",
      "version": "1.0.0",
      "license": "ISC",
      "dependencies": {
        "acorn": "^8.7.0",
        "esprima": "^4.0.1",
        "estraverse": "^5.3.0"
      }
    },
    "node_modules/acorn": {
      "version": "8.7.0",
      "resolved": "https://registry.npmjs.org/acorn/-/acorn-8.7.0.tgz",
      "integrity": "sha512-V/LGr1APy+PXIwKebEWrkZPwoeoF+w1jiOBUmuxuiUIaOHtob8Qc9BTrYo7VuI5fR8tqsy+buA2WFooR5olqvQ==",
      "bin": {
        "acorn": "bin/acorn"
      },
      "engines": {
        "node": ">=0.4.0"
      }
    },
    "node_modules/esprima": {
      "version": "4.0.1",
      "resolved": "https://registry.npmjs.org/esprima/-/esprima-4.0.1.tgz",
      "integrity": "sha512-eGuFFw7Upda+g4p+QHvnW0RyTX/SVeJBDM/gCtMARO0cLuT2HcEKnTPvhjV6aGeqrCB/sbNop0Kszm0jsaWU4A==",
      "bin": {
        "esparse": "bin/esparse.js",
        "esvalidate": "bin/esvalidate.js"
      },
      "engines": {
        "node": ">=4"
      }
    },
    "node_modules/estraverse": {
      "version": "5.3.0",
      "resolved": "https://registry.npmjs.org/estraverse/-/estraverse-5.3.0.tgz",
      "integrity": "sha512-MMdARuVEQziNTeJD8DgMqmhwR11BRQ/cBP+pLtYdSTnf3MIO8fFeiINEbX36ZdNlfU/7A9f3gUw49B3oQsvwBA==",
      "engines": {
        "node": ">=4.0"
      }
    }
  },
  "dependencies": {
    "acorn": {
      "version": "8.7.0",
      "resolved": "https://registry.npmjs.org/acorn/-/acorn-8.7.0.tgz",
      "integrity": "sha512-V/LGr1APy+PXIwKebEWrkZPwoeoF+w1jiOBUmuxuiUIaOHtob8Qc9BTrYo7VuI5fR8tqsy+buA2WFooR5olqvQ=="
    },
    "esprima": {
      "version": "4.0.1",
      "resolved": "https://registry.npmjs.org/esprima/-/esprima-4.0.1.tgz",
      "integrity": "sha512-eGuFFw7Upda+g4p+QHvnW0RyTX/SVeJBDM/gCtMARO0cLuT2HcEKnTPvhjV6aGeqrCB/sbNop0Kszm0jsaWU4A=="
    },
    "estraverse": {
      "version": "5.3.0",
      "resolved": "https://registry.npmjs.org/estraverse/-/estraverse-5.3.0.tgz",
      "integrity": "sha512-MMdARuVEQziNTeJD8DgMqmhwR11BRQ/cBP+pLtYdSTnf3MIO8fFeiINEbX36ZdNlfU/7A9f3gUw49B3oQsvwBA=="
    }
  }
}
